
Microsoft Visual Studio Solution File, Format Version 12.00
# Visual Studio Version 17
VisualStudioVersion = 17.14.37314.3 d17.14
MinimumVisualStudioVersion = 10.0.40219.1
Project("{FAE04EC0-301F-11D3-BF4B-00C04F79EFBC}") = "02_FloatingPointAndDecimal", "02_FloatingPointAndDecimal.csproj", "{A4C8699C-D24F-413E-8ED3-B54229206DAD}"
EndProject
Global
	GlobalSection(SolutionConfigurationPlatforms) = preSolution
		Debug|Any CPU = Debug|Any CPU
		Release|Any CPU = Release|Any CPU
	EndGlobalSection
	GlobalSection(ProjectConfigurationPlatforms) = postSolution
		{A4C8699C-D24F-413E-8ED3-B54229206DAD}.Debug|Any CPU.ActiveCfg = Debug|Any CPU
		{A4C8699C-D24F-413E-8ED3-B54229206DAD}.Debug|Any CPU.Build.0 = Debug|Any CPU
		{A4C8699C-D24F-413E-8ED3-B54229206DAD}.Release|Any CPU.ActiveCfg = Release|Any CPU
		{A4C8699C-D24F-413E-8ED3-B54229206DAD}.Release|Any CPU.Build.0 = Release|Any CPU
	EndGlobalSection
	GlobalSection(SolutionProperties) = preSolution
		HideSolutionNode = FALSE
	EndGlobalSection
	GlobalSection(ExtensibilityGlobals) = postSolution
		SolutionGuid = {12D78379-43A2-4466-9439-DB81907EBB50}
	EndGlobalSection
EndGlobal
